
Microsoft Visual Studio Solution File, Format Version 12.00
# Visual Studio Version 17
VisualStudioVersion = 17.6.33815.320
MinimumVisualStudioVersion = 10.0.40219.1
Project("{FAE04EC0-301F-11D3-BF4B-00C04F79EFBC}") = "UnitTesting", "UnitTesting\UnitTesting.csproj", "{6E12FB53-67F7-40CC-891A-62B6F99C3207}"
EndProject
Project("{FAE04EC0-301F-11D3-BF4B-00C04F79EFBC}") = "Math Operations", "Math Operations\Math Operations.csproj", "{48E29B8F-A29F-4B07-9A17-B58D74239FD2}"
EndProject
Project("{FAE04EC0-301F-11D3-BF4B-00C04F79EFBC}") = "Calculations", "Calculations\Calculations.csproj", "{84ABED45-7DDD-41A1-BCB5-7BAE194DA447}"
EndProject
Global
	GlobalSection(SolutionConfigurationPlatforms) = preSolution
		Debug|Any CPU = Debug|Any CPU
		Release|Any CPU = Release|Any CPU
	EndGlobalSection
	GlobalSection(ProjectConfigurationPlatforms) = postSolution
		{6E12FB53-67F7-40CC-891A-62B6F99C3207}.Debug|Any CPU.ActiveCfg = Debug|Any CPU
		{6E12FB53-67F7-40CC-891A-62B6F99C3207}.Debug|Any CPU.Build.0 = Debug|Any CPU
		{6E12FB53-67F7-40CC-891A-62B6F99C3207}.Release|Any CPU.ActiveCfg = Release|Any CPU
		{6E12FB53-67F7-40CC-891A-62B6F99C3207}.Release|Any CPU.Build.0 = Release|Any CPU
		{48E29B8F-A29F-4B07-9A17-B58D74239FD2}.Debug|Any CPU.ActiveCfg = Debug|Any CPU
		{48E29B8F-A29F-4B07-9A17-B58D74239FD2}.Debug|Any CPU.Build.0 = Debug|Any CPU
		{48E29B8F-A29F-4B07-9A17-B58D74239FD2}.Release|Any CPU.ActiveCfg = Release|Any CPU
		{48E29B8F-A29F-4B07-9A17-B58D74239FD2}.Release|Any CPU.Build.0 = Release|Any CPU
		{84ABED45-7DDD-41A1-BCB5-7BAE194DA447}.Debug|Any CPU.ActiveCfg = Debug|Any CPU
		{84ABED45-7DDD-41A1-BCB5-7BAE194DA447}.Debug|Any CPU.Build.0 = Debug|Any CPU
		{84ABED45-7DDD-41A1-BCB5-7BAE194DA447}.Release|Any CPU.ActiveCfg = Release|Any CPU
		{84ABED45-7DDD-41A1-BCB5-7BAE194DA447}.Release|Any CPU.Build.0 = Release|Any CPU
	EndGlobalSection
	GlobalSection(SolutionProperties) = preSolution
		HideSolutionNode = FALSE
	EndGlobalSection
	GlobalSection(ExtensibilityGlobals) = postSolution
		SolutionGuid = {0A2A9CC4-BCE9-4382-BF33-520FA53AEB6E}
	EndGlobalSection
EndGlobal
